
Microsoft Visual Studio Solution File, Format Version 12.00
# Visual Studio Version 17
VisualStudioVersion = 17.1.32319.34
MinimumVisualStudioVersion = 10.0.40219.1
Project("{2150E333-8FDC-42A3-9474-1A3956D46DE8}") = "Services", "Services", "{804A5991-FE9B-4794-A193-582E44757CB7}"
EndProject
Project("{2150E333-8FDC-42A3-9474-1A3956D46DE8}") = "ApiGateways", "ApiGateways", "{03B90D92-BF4E-43CF-BD4C-3BD3603269EB}"
EndProject
Project("{2150E333-8FDC-42A3-9474-1A3956D46DE8}") = "IdentityServer", "IdentityServer", "{3EF032F3-B1DE-4AC9-A86C-E5DBD092805E}"
EndProject
Project("{2150E333-8FDC-42A3-9474-1A3956D46DE8}") = "WebApp", "WebApp", "{1F9894E5-6FFF-4F4C-845D-6F077EE89ADF}"
EndProject
Project("{9A19103F-16F7-4668-BE54-9A1E7A4F7556}") = "Movies.Client.Interactive", "WebApp\Movies.Client\Movies.Client.Interactive.csproj", "{0D5A9F3B-6911-4F1A-8F42-5D8959703315}"
EndProject
Project("{2150E333-8FDC-42A3-9474-1A3956D46DE8}") = "Movies", "Movies", "{6BB4442C-744D-4866-83E1-1957A516EC58}"
EndProject
Project("{9A19103F-16F7-4668-BE54-9A1E7A4F7556}") = "IdentityServer", "Services\IdentityServer\IdentityServer\IdentityServer.csproj", "{14D24CC8-F068-4887-8D76-2E5B09974E8E}"
EndProject
Project("{9A19103F-16F7-4668-BE54-9A1E7A4F7556}") = "Movies.API", "Services\Movies\Movies.API\Movies.API.csproj", "{CD7F6FA1-C9D2-4F1A-9B14-3CB54D9E8E7D}"
EndProject
Global
	GlobalSection(SolutionConfigurationPlatforms) = preSolution
		Debug|Any CPU = Debug|Any CPU
		Release|Any CPU = Release|Any CPU
	EndGlobalSection
	GlobalSection(ProjectConfigurationPlatforms) = postSolution
		{0D5A9F3B-6911-4F1A-8F42-5D8959703315}.Debug|Any CPU.ActiveCfg = Debug|Any CPU
		{0D5A9F3B-6911-4F1A-8F42-5D8959703315}.Debug|Any CPU.Build.0 = Debug|Any CPU
		{0D5A9F3B-6911-4F1A-8F42-5D8959703315}.Release|Any CPU.ActiveCfg = Release|Any CPU
		{0D5A9F3B-6911-4F1A-8F42-5D8959703315}.Release|Any CPU.Build.0 = Release|Any CPU
		{14D24CC8-F068-4887-8D76-2E5B09974E8E}.Debug|Any CPU.ActiveCfg = Debug|Any CPU
		{14D24CC8-F068-4887-8D76-2E5B09974E8E}.Debug|Any CPU.Build.0 = Debug|Any CPU
		{14D24CC8-F068-4887-8D76-2E5B09974E8E}.Release|Any CPU.ActiveCfg = Release|Any CPU
		{14D24CC8-F068-4887-8D76-2E5B09974E8E}.Release|Any CPU.Build.0 = Release|Any CPU
		{CD7F6FA1-C9D2-4F1A-9B14-3CB54D9E8E7D}.Debug|Any CPU.ActiveCfg = Debug|Any CPU
		{CD7F6FA1-C9D2-4F1A-9B14-3CB54D9E8E7D}.Debug|Any CPU.Build.0 = Debug|Any CPU
		{CD7F6FA1-C9D2-4F1A-9B14-3CB54D9E8E7D}.Release|Any CPU.ActiveCfg = Release|Any CPU
		{CD7F6FA1-C9D2-4F1A-9B14-3CB54D9E8E7D}.Release|Any CPU.Build.0 = Release|Any CPU
	EndGlobalSection
	GlobalSection(SolutionProperties) = preSolution
		HideSolutionNode = FALSE
	EndGlobalSection
	GlobalSection(NestedProjects) = preSolution
		{3EF032F3-B1DE-4AC9-A86C-E5DBD092805E} = {804A5991-FE9B-4794-A193-582E44757CB7}
		{0D5A9F3B-6911-4F1A-8F42-5D8959703315} = {1F9894E5-6FFF-4F4C-845D-6F077EE89ADF}
		{6BB4442C-744D-4866-83E1-1957A516EC58} = {804A5991-FE9B-4794-A193-582E44757CB7}
		{14D24CC8-F068-4887-8D76-2E5B09974E8E} = {3EF032F3-B1DE-4AC9-A86C-E5DBD092805E}
		{CD7F6FA1-C9D2-4F1A-9B14-3CB54D9E8E7D} = {6BB4442C-744D-4866-83E1-1957A516EC58}
	EndGlobalSection
	GlobalSection(ExtensibilityGlobals) = postSolution
		SolutionGuid = {E7C002D2-5391-4FE9-8085-7D520D59F045}
	EndGlobalSection
EndGlobal
